
Microsoft Visual Studio Solution File, Format Version 12.00
# Visual Studio Version 17
VisualStudioVersion = 17.8.34322.80
MinimumVisualStudioVersion = 10.0.40219.1
Project("{FAE04EC0-301F-11D3-BF4B-00C04F79EFBC}") = "git413", "git413\git413.csproj", "{2DDED2A9-932C-4455-B660-84696EC21CBC}"
EndProject
Global
	GlobalSection(SolutionConfigurationPlatforms) = preSolution
		Debug|Any CPU = Debug|Any CPU
		Release|Any CPU = Release|Any CPU
	EndGlobalSection
	GlobalSection(ProjectConfigurationPlatforms) = postSolution
		{2DDED2A9-932C-4455-B660-84696EC21CBC}.Debug|Any CPU.ActiveCfg = Debug|Any CPU
		{2DDED2A9-932C-4455-B660-84696EC21CBC}.Debug|Any CPU.Build.0 = Debug|Any CPU
		{2DDED2A9-932C-4455-B660-84696EC21CBC}.Release|Any CPU.ActiveCfg = Release|Any CPU
		{2DDED2A9-932C-4455-B660-84696EC21CBC}.Release|Any CPU.Build.0 = Release|Any CPU
	EndGlobalSection
	GlobalSection(SolutionProperties) = preSolution
		HideSolutionNode = FALSE
	EndGlobalSection
	GlobalSection(ExtensibilityGlobals) = postSolution
		SolutionGuid = {A5E9F30F-4C00-4CEB-AE58-4371A04EF27C}
	EndGlobalSection
EndGlobal
